{
  "nodes": {
    "home-manager": {
      "inputs": {
        "nixpkgs": [
          "nixpkgs"
        ]
      },
      "locked": {
        "lastModified": 1738188448,
        "narHash": "sha256-YX1/jXiR3t6MS/09vRSeVbCcUWp/3jlwJ4MzeA0B/7Y=",
        "owner": "nix-community",
        "repo": "home-manager",
        "rev": "608b26d16ee69384580b1b14ac947d81d0240beb",
        "type": "github"
      },
      "original": {
        "owner": "nix-community",
        "repo": "home-manager",
        "type": "github"
      }
    },
    "nixpkgs": {
      "locked": {
        "lastModified": 1738021509,
        "narHash": "sha256-JNUiceGsr7cVBUQxLBF1ILCe99E0qLxsVuet6GsZUuw=",
        "owner": "nixos",
        "repo": "nixpkgs",
        "rev": "9db269672dbdbb519e0bd3ea24f01506c135e46f",
        "type": "github"
      },
      "original": {
        "owner": "nixos",
        "ref": "nixos-unstable",
        "repo": "nixpkgs",
        "type": "github"
      }
    },
    "root": {
      "inputs": {
        "home-manager": "home-manager",
        "nixpkgs": "nixpkgs"
      }
    }
  },
  "root": "root",
  "version": 7
}
